{
  "name": "biwa-shamisen",
  "version": "0.1.0",
  "lockfileVersion": 2,
  "requires": true,
  "packages": {
    "": {
      "version": "0.1.0",
      "license": "MIT",
      "dependencies": {
        "biwascheme": "latest",
        "ws": "^8.0.0"
      },
      "bin": {
        "shamisen": "bin/boot.js",
        "shamisen-emacs": "bin/emacs_boot.js"
      }
    },
    "node_modules/biwascheme": {
      "version": "0.7.4",
      "resolved": "https://registry.npmjs.org/biwascheme/-/biwascheme-0.7.4.tgz",
      "integrity": "sha512-f5loMEIhm6iWVg0juZ8JBvIsib9QkgSU+Zi7tObo/MSUH5pn4r0oKj0d/7LAS7m3G+D9EnBtKOKVwT5syaeuMQ==",
      "dependencies": {
        "optparse": "1.0.5"
      },
      "bin": {
        "biwas": "bin/biwas"
      }
    },
    "node_modules/optparse": {
      "version": "1.0.5",
      "integrity": "sha1-dedallBmEescZbqJAY/wipgeLBY="
    },
    "node_modules/ws": {
      "version": "8.0.0",
      "integrity": "sha512-6AcSIXpBlS0QvCVKk+3cWnWElLsA6SzC0lkQ43ciEglgXJXiCWK3/CGFEJ+Ybgp006CMibamAsqOlxE9s4AvYA==",
      "engines": {
        "node": ">=10.0.0"
      },
      "peerDependencies": {
        "bufferutil": "^4.0.1",
        "utf-8-validate": "^5.0.2"
      },
      "peerDependenciesMeta": {
        "bufferutil": {
          "optional": true
        },
        "utf-8-validate": {
          "optional": true
        }
      }
    }
  },
  "dependencies": {
    "biwascheme": {
      "version": "0.7.4",
      "resolved": "https://registry.npmjs.org/biwascheme/-/biwascheme-0.7.4.tgz",
      "integrity": "sha512-f5loMEIhm6iWVg0juZ8JBvIsib9QkgSU+Zi7tObo/MSUH5pn4r0oKj0d/7LAS7m3G+D9EnBtKOKVwT5syaeuMQ==",
      "requires": {
        "optparse": "1.0.5"
      }
    },
    "optparse": {
      "version": "1.0.5",
      "integrity": "sha1-dedallBmEescZbqJAY/wipgeLBY="
    },
    "ws": {
      "version": "8.0.0",
      "integrity": "sha512-6AcSIXpBlS0QvCVKk+3cWnWElLsA6SzC0lkQ43ciEglgXJXiCWK3/CGFEJ+Ybgp006CMibamAsqOlxE9s4AvYA==",
      "requires": {}
    }
  }
}
